
Microsoft Visual Studio Solution File, Format Version 12.00
# Visual Studio Version 17
VisualStudioVersion = 17.2.32505.173
MinimumVisualStudioVersion = 10.0.40219.1
Project("{FAE04EC0-301F-11D3-BF4B-00C04F79EFBC}") = "ConsoleApp2", "ConsoleApp2\ConsoleApp2.csproj", "{847D4FA2-4441-4661-8D67-E7FCD934D6E4}"
EndProject
Global
	GlobalSection(SolutionConfigurationPlatforms) = preSolution
		Debug|Any CPU = Debug|Any CPU
		Release|Any CPU = Release|Any CPU
	EndGlobalSection
	GlobalSection(ProjectConfigurationPlatforms) = postSolution
		{847D4FA2-4441-4661-8D67-E7FCD934D6E4}.Debug|Any CPU.ActiveCfg = Debug|Any CPU
		{847D4FA2-4441-4661-8D67-E7FCD934D6E4}.Debug|Any CPU.Build.0 = Debug|Any CPU
		{847D4FA2-4441-4661-8D67-E7FCD934D6E4}.Release|Any CPU.ActiveCfg = Release|Any CPU
		{847D4FA2-4441-4661-8D67-E7FCD934D6E4}.Release|Any CPU.Build.0 = Release|Any CPU
	EndGlobalSection
	GlobalSection(SolutionProperties) = preSolution
		HideSolutionNode = FALSE
	EndGlobalSection
	GlobalSection(ExtensibilityGlobals) = postSolution
		SolutionGuid = {C0CE1263-1D2F-41DC-9645-C2C810CC388B}
	EndGlobalSection
EndGlobal
